%{
  "crc32cer": {:hex, :crc32cer, "0.1.10", "fb87abbf34b72f180f8c3a908cd1826c6cb9a59787d156a29e05de9e98be385e", [:rebar3], [], "hexpm", "5b1f47efd0a1b4b7411f1f35e14d3c8c6da6e6a2a725ec8f2cf1ab13703e5f38"},
  "jason": {:hex, :jason, "1.4.0", "e855647bc964a44e2f67df589ccf49105ae039d4179db7f6271dfd3843dc27e6", [:mix], [{:decimal, "~> 1.0 or ~> 2.0", [hex: :decimal, repo: "hexpm", optional: true]}], "hexpm", "79a3791085b2a0f743ca04cec0f7be26443738779d09302e01318f97bdb82121"},
  "snappyer": {:hex, :snappyer, "1.2.9", "9cc58470798648ce34c662ca0aa6daae31367667714c9a543384430a3586e5d3", [:rebar3], [], "hexpm", "18d00ca218ae613416e6eecafe1078db86342a66f86277bd45c95f05bf1c8b29"},
}
